
Microsoft Visual Studio Solution File, Format Version 12.00
# Visual Studio 15
VisualStudioVersion = 15.0.28307.1000
MinimumVisualStudioVersion = 10.0.40219.1
Project("{FAE04EC0-301F-11D3-BF4B-00C04F79EFBC}") = "GestaoFinanceira", "GestaoFinanceira\GestaoFinanceira.csproj", "{70F2337F-65DD-4727-8FA4-E401D8E7BE89}"
EndProject
Global
	GlobalSection(SolutionConfigurationPlatforms) = preSolution
		Debug|Any CPU = Debug|Any CPU
		Release|Any CPU = Release|Any CPU
	EndGlobalSection
	GlobalSection(ProjectConfigurationPlatforms) = postSolution
		{70F2337F-65DD-4727-8FA4-E401D8E7BE89}.Debug|Any CPU.ActiveCfg = Debug|Any CPU
		{70F2337F-65DD-4727-8FA4-E401D8E7BE89}.Debug|Any CPU.Build.0 = Debug|Any CPU
		{70F2337F-65DD-4727-8FA4-E401D8E7BE89}.Release|Any CPU.ActiveCfg = Release|Any CPU
		{70F2337F-65DD-4727-8FA4-E401D8E7BE89}.Release|Any CPU.Build.0 = Release|Any CPU
	EndGlobalSection
	GlobalSection(SolutionProperties) = preSolution
		HideSolutionNode = FALSE
	EndGlobalSection
	GlobalSection(ExtensibilityGlobals) = postSolution
		SolutionGuid = {41CB6BD6-C56B-46B2-A485-0951C6FCB630}
	EndGlobalSection
EndGlobal
